{
  "name": "effective-type-script",
  "version": "1.0.0",
  "lockfileVersion": 2,
  "requires": true,
  "packages": {
    "": {
      "name": "effective-type-script",
      "version": "1.0.0",
      "license": "ISC",
      "dependencies": {
        "lodash": "^4.17.21"
      },
      "devDependencies": {
        "@types/geojson": "^7946.0.14",
        "@types/lodash": "^4.14.202",
        "typescript": "^5.3.3"
      }
    },
    "node_modules/@types/geojson": {
      "version": "7946.0.14",
      "resolved": "https://registry.navercorp.com:443/api/npm/npm-naver/@types/geojson/-/geojson-7946.0.14.tgz",
      "integrity": "sha1-MZtjrW33Be4qZac+8ELIJx5pZhM=",
      "dev": true,
      "license": "MIT"
    },
    "node_modules/@types/lodash": {
      "version": "4.14.202",
      "resolved": "https://registry.navercorp.com:443/api/npm/npm-naver/@types/lodash/-/lodash-4.14.202.tgz",
      "integrity": "sha1-8J29L7CC1QcXiy8qXH50vXL/mPg=",
      "dev": true,
      "license": "MIT"
    },
    "node_modules/lodash": {
      "version": "4.17.21",
      "resolved": "https://registry.navercorp.com:443/api/npm/npm-naver/lodash/-/lodash-4.17.21.tgz",
      "integrity": "sha1-Z5WRxWTDv/quhFTPCz3zcMPWkRw=",
      "license": "MIT"
    },
    "node_modules/typescript": {
      "version": "5.3.3",
      "resolved": "https://registry.navercorp.com:443/api/npm/npm-naver/typescript/-/typescript-5.3.3.tgz",
      "integrity": "sha1-s85roljnLmMFumb1ybRSqu4//jc=",
      "dev": true,
      "license": "Apache-2.0",
      "bin": {
        "tsc": "bin/tsc",
        "tsserver": "bin/tsserver"
      },
      "engines": {
        "node": ">=14.17"
      }
    }
  },
  "dependencies": {
    "@types/geojson": {
      "version": "7946.0.14",
      "resolved": "https://registry.navercorp.com:443/api/npm/npm-naver/@types/geojson/-/geojson-7946.0.14.tgz",
      "integrity": "sha1-MZtjrW33Be4qZac+8ELIJx5pZhM=",
      "dev": true
    },
    "@types/lodash": {
      "version": "4.14.202",
      "resolved": "https://registry.navercorp.com:443/api/npm/npm-naver/@types/lodash/-/lodash-4.14.202.tgz",
      "integrity": "sha1-8J29L7CC1QcXiy8qXH50vXL/mPg=",
      "dev": true
    },
    "lodash": {
      "version": "4.17.21",
      "resolved": "https://registry.navercorp.com:443/api/npm/npm-naver/lodash/-/lodash-4.17.21.tgz",
      "integrity": "sha1-Z5WRxWTDv/quhFTPCz3zcMPWkRw="
    },
    "typescript": {
      "version": "5.3.3",
      "resolved": "https://registry.navercorp.com:443/api/npm/npm-naver/typescript/-/typescript-5.3.3.tgz",
      "integrity": "sha1-s85roljnLmMFumb1ybRSqu4//jc=",
      "dev": true
    }
  }
}
